
Microsoft Visual Studio Solution File, Format Version 12.00
# Visual Studio Version 17
VisualStudioVersion = 17.0.32112.339
MinimumVisualStudioVersion = 10.0.40219.1
Project("{FAE04EC0-301F-11D3-BF4B-00C04F79EFBC}") = "NZWalks.API", "NZWalks.API\NZWalks.API.csproj", "{4F600948-E6A7-4754-9CD8-4D74BF142964}"
EndProject
Global
	GlobalSection(SolutionConfigurationPlatforms) = preSolution
		Debug|Any CPU = Debug|Any CPU
		Release|Any CPU = Release|Any CPU
	EndGlobalSection
	GlobalSection(ProjectConfigurationPlatforms) = postSolution
		{4F600948-E6A7-4754-9CD8-4D74BF142964}.Debug|Any CPU.ActiveCfg = Debug|Any CPU
		{4F600948-E6A7-4754-9CD8-4D74BF142964}.Debug|Any CPU.Build.0 = Debug|Any CPU
		{4F600948-E6A7-4754-9CD8-4D74BF142964}.Release|Any CPU.ActiveCfg = Release|Any CPU
		{4F600948-E6A7-4754-9CD8-4D74BF142964}.Release|Any CPU.Build.0 = Release|Any CPU
	EndGlobalSection
	GlobalSection(SolutionProperties) = preSolution
		HideSolutionNode = FALSE
	EndGlobalSection
	GlobalSection(ExtensibilityGlobals) = postSolution
		SolutionGuid = {72D959DA-254F-43C5-B838-57A3F0A99371}
	EndGlobalSection
EndGlobal
